<?xml version="1.0" encoding="utf-8"?>
<Project ToolsVersion="4.0" xmlns="http://schemas.microsoft.com/developer/msbuild/2003">
  <ItemGroup>
    <Filter Include="Source Files">
      <UniqueIdentifier>{4FC737F1-C7A5-4376-A066-2A32D752A2FF}</UniqueIdentifier>
      <Extensions>cpp;c;cc;cxx;def;odl;idl;hpj;bat;asm;asmx</Extensions>
    </Filter>
    <Filter Include="Resource Files">
      <UniqueIdentifier>{67DA6AB6-F800-4c08-8B7A-83BB121AAD01}</UniqueIdentifier>
      <Extensions>rc;ico;cur;bmp;dlg;rc2;rct;bin;rgs;gif;jpg;jpeg;jpe;resx;tiff;tif;png;wav;mfcribbon-ms</Extensions>
    </Filter>
    <Filter Include="Ultis">
      <UniqueIdentifier>{ec4372c3-05dd-49fa-ac4e-3302913dd513}</UniqueIdentifier>
    </Filter>
    <Filter Include="Framework">
      <UniqueIdentifier>{bc60e9da-081b-4f87-81d7-ada6ff701cd6}</UniqueIdentifier>
    </Filter>
    <Filter Include="Objects">
      <UniqueIdentifier>{1147127a-0637-450e-96e4-153f72af11cb}</UniqueIdentifier>
    </Filter>
    <Filter Include="Framework\Game">
      <UniqueIdentifier>{38e9d799-d194-425a-a793-509b7e718f48}</UniqueIdentifier>
    </Filter>
    <Filter Include="Objects\Player">
      <UniqueIdentifier>{b9a25a35-9683-4f60-8aec-b721c9143cb0}</UniqueIdentifier>
    </Filter>
    <Filter Include="Objects\Obstacles">
      <UniqueIdentifier>{9708fb2a-06f2-474e-b4c2-a81b32808458}</UniqueIdentifier>
    </Filter>
    <Filter Include="Framework\Scence">
      <UniqueIdentifier>{60056400-49f8-44fa-ae6b-04387a6dd91c}</UniqueIdentifier>
    </Filter>
    <Filter Include="Framework\Interface">
      <UniqueIdentifier>{a3755e3e-a1ae-4650-add1-fc3ee41e752f}</UniqueIdentifier>
    </Filter>
    <Filter Include="Objects\Bullet">
      <UniqueIdentifier>{c3d89515-041f-48ec-af1f-a42bd2504b1a}</UniqueIdentifier>
    </Filter>
    <Filter Include="Objects\Entity">
      <UniqueIdentifier>{4cf82a00-eab6-4b77-b8cf-6bcaba5051c6}</UniqueIdentifier>
    </Filter>
    <Filter Include="Objects\Enemies">
      <UniqueIdentifier>{58be0881-d94a-4164-8f90-c0cd9911c225}</UniqueIdentifier>
    </Filter>
    <Filter Include="Framework\Camera">
      <UniqueIdentifier>{402a83c5-9d43-40dc-bf87-15cde0567064}</UniqueIdentifier>
    </Filter>
    <Filter Include="Framework\TileMap">
      <UniqueIdentifier>{a5bef719-6d76-432a-b8e6-0036b85833cd}</UniqueIdentifier>
    </Filter>
    <Filter Include="Framework\Render">
      <UniqueIdentifier>{a1bba65a-942a-49ab-a951-2883c0150bb6}</UniqueIdentifier>
    </Filter>
    <Filter Include="Objects\Player\SophiaChild">
      <UniqueIdentifier>{8766e691-78be-496a-90d5-6c2298071bea}</UniqueIdentifier>
    </Filter>
    <Filter Include="Framework\HUB">
      <UniqueIdentifier>{b9b589ff-3bff-4373-ab28-c3b1a6a153dd}</UniqueIdentifier>
    </Filter>
    <Filter Include="Framework\Quadtree">
      <UniqueIdentifier>{c66ff961-fbef-440e-8c6a-1e4274d6ec97}</UniqueIdentifier>
    </Filter>
  </ItemGroup>
  <ItemGroup>
    <ClCompile Include="main.cpp">
      <Filter>Source Files</Filter>
    </ClCompile>
    <ClCompile Include="Game.cpp">
      <Filter>Framework\Game</Filter>
    </ClCompile>
    <ClCompile Include="GameObject.cpp">
      <Filter>Objects\Entity</Filter>
    </ClCompile>
    <ClCompile Include="Sprites.cpp">
      <Filter>Framework\Render</Filter>
    </ClCompile>
    <ClCompile Include="Animations.cpp">
      <Filter>Framework\Render</Filter>
    </ClCompile>
    <ClCompile Include="Textures.cpp">
      <Filter>Framework\Render</Filter>
    </ClCompile>
    <ClCompile Include="Brick.cpp">
      <Filter>Objects\Obstacles</Filter>
    </ClCompile>
    <ClCompile Include="Ultils.cpp">
      <Filter>Ultis</Filter>
    </ClCompile>
    <ClCompile Include="Scence.cpp">
      <Filter>Framework\Scence</Filter>
    </ClCompile>
    <ClCompile Include="PlayScence.cpp">
      <Filter>Framework\Scence</Filter>
    </ClCompile>
    <ClCompile Include="Portal.cpp">
      <Filter>Framework\Scence</Filter>
    </ClCompile>
    <ClCompile Include="Player.cpp">
      <Filter>Objects\Player</Filter>
    </ClCompile>
    <ClCompile Include="Bullet.cpp">
      <Filter>Objects\Bullet</Filter>
    </ClCompile>
    <ClCompile Include="Camera.cpp">
      <Filter>Framework\Camera</Filter>
    </ClCompile>
    <ClCompile Include="TileMap.cpp">
      <Filter>Framework\TileMap</Filter>
    </ClCompile>
    <ClCompile Include="Interrupt.cpp">
      <Filter>Objects\Enemies</Filter>
    </ClCompile>
    <ClCompile Include="SophiaMiddle.cpp">
      <Filter>Objects\Player\SophiaChild</Filter>
    </ClCompile>
    <ClCompile Include="SophiaRightWheel.cpp">
      <Filter>Objects\Player\SophiaChild</Filter>
    </ClCompile>
    <ClCompile Include="SophiaLeftWheel.cpp">
      <Filter>Objects\Player\SophiaChild</Filter>
    </ClCompile>
    <ClCompile Include="SophiaCabin.cpp">
      <Filter>Objects\Player\SophiaChild</Filter>
    </ClCompile>
    <ClCompile Include="SophiaGun.cpp">
      <Filter>Objects\Player\SophiaChild</Filter>
    </ClCompile>
    <ClCompile Include="BallBot.cpp">
      <Filter>Objects\Enemies</Filter>
    </ClCompile>
    <ClCompile Include="Stuka.cpp">
      <Filter>Objects\Enemies</Filter>
    </ClCompile>
    <ClCompile Include="Eyelet.cpp">
      <Filter>Objects\Enemies</Filter>
    </ClCompile>
    <ClCompile Include="BallCarry.cpp">
      <Filter>Objects\Enemies</Filter>
    </ClCompile>
    <ClCompile Include="HUB.cpp">
      <Filter>Framework\HUB</Filter>
    </ClCompile>
    <ClCompile Include="Quadtree.cpp">
      <Filter>Framework\Quadtree</Filter>
    </ClCompile>
    <ClCompile Include="DungeonPlayScene.cpp">
      <Filter>Framework\Scence</Filter>
    </ClCompile>
    <ClCompile Include="Jason.cpp">
      <Filter>Objects\Player</Filter>
    </ClCompile>
    <ClCompile Include="RainbowBullet.cpp">
      <Filter>Objects\Bullet</Filter>
    </ClCompile>
  </ItemGroup>
  <ItemGroup>
    <Image Include="brick.ico">
      <Filter>Resource Files</Filter>
    </Image>
  </ItemGroup>
  <ItemGroup>
    <ClInclude Include="Game.h">
      <Filter>Framework\Game</Filter>
    </ClInclude>
    <ClInclude Include="GameObject.h">
      <Filter>Objects\Entity</Filter>
    </ClInclude>
    <ClInclude Include="Sprites.h">
      <Filter>Framework\Render</Filter>
    </ClInclude>
    <ClInclude Include="Animations.h">
      <Filter>Framework\Render</Filter>
    </ClInclude>
    <ClInclude Include="Player.h">
      <Filter>Objects\Player</Filter>
    </ClInclude>
    <ClInclude Include="Textures.h">
      <Filter>Framework\Render</Filter>
    </ClInclude>
    <ClInclude Include="Brick.h">
      <Filter>Objects\Obstacles</Filter>
    </ClInclude>
    <ClInclude Include="Utils.h">
      <Filter>Ultis</Filter>
    </ClInclude>
    <ClInclude Include="Scence.h">
      <Filter>Framework\Scence</Filter>
    </ClInclude>
    <ClInclude Include="KeyEventHandler.h">
      <Filter>Framework\Interface</Filter>
    </ClInclude>
    <ClInclude Include="PlayScence.h">
      <Filter>Framework\Scence</Filter>
    </ClInclude>
    <ClInclude Include="Portal.h">
      <Filter>Framework\Scence</Filter>
    </ClInclude>
    <ClInclude Include="Bullet.h">
      <Filter>Objects\Bullet</Filter>
    </ClInclude>
    <ClInclude Include="Camera.h">
      <Filter>Framework\Camera</Filter>
    </ClInclude>
    <ClInclude Include="TileMap.h">
      <Filter>Framework\TileMap</Filter>
    </ClInclude>
    <ClInclude Include="Interrupt.h">
      <Filter>Objects\Enemies</Filter>
    </ClInclude>
    <ClInclude Include="SophiaMiddle.h">
      <Filter>Objects\Player\SophiaChild</Filter>
    </ClInclude>
    <ClInclude Include="SophiaRightWheel.h">
      <Filter>Objects\Player\SophiaChild</Filter>
    </ClInclude>
    <ClInclude Include="SophiaLeftWheel.h">
      <Filter>Objects\Player\SophiaChild</Filter>
    </ClInclude>
    <ClInclude Include="SophiaCabin.h">
      <Filter>Objects\Player\SophiaChild</Filter>
    </ClInclude>
    <ClInclude Include="SophiaGun.h">
      <Filter>Objects\Player\SophiaChild</Filter>
    </ClInclude>
    <ClInclude Include="BallBot.h">
      <Filter>Objects\Enemies</Filter>
    </ClInclude>
    <ClInclude Include="Stuka.h">
      <Filter>Objects\Enemies</Filter>
    </ClInclude>
    <ClInclude Include="Eyelet.h">
      <Filter>Objects\Enemies</Filter>
    </ClInclude>
    <ClInclude Include="BallCarry.h">
      <Filter>Objects\Enemies</Filter>
    </ClInclude>
    <ClInclude Include="HUB.h">
      <Filter>Framework\HUB</Filter>
    </ClInclude>
    <ClInclude Include="Quadtree.h">
      <Filter>Framework\Quadtree</Filter>
    </ClInclude>
    <ClInclude Include="DungeonPlayScene.h">
      <Filter>Framework\Scence</Filter>
    </ClInclude>
    <ClInclude Include="Jason.h">
      <Filter>Objects\Player</Filter>
    </ClInclude>
    <ClInclude Include="RainbowBullet.h">
      <Filter>Objects\Bullet</Filter>
    </ClInclude>
    <ClInclude Include="Define.h">
      <Filter>Ultis</Filter>
    </ClInclude>
  </ItemGroup>
</Project>